
Microsoft Visual Studio Solution File, Format Version 12.00
# Visual Studio Version 17
VisualStudioVersion = 17.9.34728.123
MinimumVisualStudioVersion = 10.0.40219.1
Project("{9A19103F-16F7-4668-BE54-9A1E7A4F7556}") = "Order", "Order\Order.csproj", "{A87EE22C-6759-4B71-A43E-0D9EF04840D6}"
EndProject
Project("{9A19103F-16F7-4668-BE54-9A1E7A4F7556}") = "OrderIntegrationTest", "OrderIntegrationTest\OrderIntegrationTest.csproj", "{FE3C4128-9E88-461A-B4C5-C8E7BD88D108}"
EndProject
Project("{9A19103F-16F7-4668-BE54-9A1E7A4F7556}") = "Stock", "Stock\Stock.csproj", "{223A4218-64BB-4AC1-BE17-B07D3B5506DF}"
EndProject
Project("{9A19103F-16F7-4668-BE54-9A1E7A4F7556}") = "Payment", "Payment\Payment.csproj", "{FA589F19-D461-4D81-8879-EB0CF79BC268}"
EndProject
Project("{2150E333-8FDC-42A3-9474-1A3956D46DE8}") = "core", "core", "{7A5B0E7E-18A5-462C-9B98-57A17F6DD76F}"
EndProject
Project("{FAE04EC0-301F-11D3-BF4B-00C04F79EFBC}") = "OnlineShop.Domain", "OnlineShop.Domain\OnlineShop.Domain.csproj", "{2934434B-2A19-47AC-AD61-100DB8047D34}"
EndProject
Project("{E53339B2-1760-4266-BCC7-CA923CBCF16C}") = "docker-compose", "docker-compose.dcproj", "{284D1465-B20D-4F9C-A982-882D0C51C343}"
EndProject
Global
	GlobalSection(SolutionConfigurationPlatforms) = preSolution
		Debug|Any CPU = Debug|Any CPU
		Release|Any CPU = Release|Any CPU
	EndGlobalSection
	GlobalSection(ProjectConfigurationPlatforms) = postSolution
		{A87EE22C-6759-4B71-A43E-0D9EF04840D6}.Debug|Any CPU.ActiveCfg = Debug|Any CPU
		{A87EE22C-6759-4B71-A43E-0D9EF04840D6}.Debug|Any CPU.Build.0 = Debug|Any CPU
		{A87EE22C-6759-4B71-A43E-0D9EF04840D6}.Release|Any CPU.ActiveCfg = Release|Any CPU
		{A87EE22C-6759-4B71-A43E-0D9EF04840D6}.Release|Any CPU.Build.0 = Release|Any CPU
		{FE3C4128-9E88-461A-B4C5-C8E7BD88D108}.Debug|Any CPU.ActiveCfg = Debug|Any CPU
		{FE3C4128-9E88-461A-B4C5-C8E7BD88D108}.Debug|Any CPU.Build.0 = Debug|Any CPU
		{FE3C4128-9E88-461A-B4C5-C8E7BD88D108}.Release|Any CPU.ActiveCfg = Release|Any CPU
		{FE3C4128-9E88-461A-B4C5-C8E7BD88D108}.Release|Any CPU.Build.0 = Release|Any CPU
		{223A4218-64BB-4AC1-BE17-B07D3B5506DF}.Debug|Any CPU.ActiveCfg = Debug|Any CPU
		{223A4218-64BB-4AC1-BE17-B07D3B5506DF}.Debug|Any CPU.Build.0 = Debug|Any CPU
		{223A4218-64BB-4AC1-BE17-B07D3B5506DF}.Release|Any CPU.ActiveCfg = Release|Any CPU
		{223A4218-64BB-4AC1-BE17-B07D3B5506DF}.Release|Any CPU.Build.0 = Release|Any CPU
		{FA589F19-D461-4D81-8879-EB0CF79BC268}.Debug|Any CPU.ActiveCfg = Debug|Any CPU
		{FA589F19-D461-4D81-8879-EB0CF79BC268}.Debug|Any CPU.Build.0 = Debug|Any CPU
		{FA589F19-D461-4D81-8879-EB0CF79BC268}.Release|Any CPU.ActiveCfg = Release|Any CPU
		{FA589F19-D461-4D81-8879-EB0CF79BC268}.Release|Any CPU.Build.0 = Release|Any CPU
		{2934434B-2A19-47AC-AD61-100DB8047D34}.Debug|Any CPU.ActiveCfg = Debug|Any CPU
		{2934434B-2A19-47AC-AD61-100DB8047D34}.Debug|Any CPU.Build.0 = Debug|Any CPU
		{2934434B-2A19-47AC-AD61-100DB8047D34}.Release|Any CPU.ActiveCfg = Release|Any CPU
		{2934434B-2A19-47AC-AD61-100DB8047D34}.Release|Any CPU.Build.0 = Release|Any CPU
		{284D1465-B20D-4F9C-A982-882D0C51C343}.Debug|Any CPU.ActiveCfg = Debug|Any CPU
		{284D1465-B20D-4F9C-A982-882D0C51C343}.Debug|Any CPU.Build.0 = Debug|Any CPU
		{284D1465-B20D-4F9C-A982-882D0C51C343}.Release|Any CPU.ActiveCfg = Release|Any CPU
		{284D1465-B20D-4F9C-A982-882D0C51C343}.Release|Any CPU.Build.0 = Release|Any CPU
	EndGlobalSection
	GlobalSection(SolutionProperties) = preSolution
		HideSolutionNode = FALSE
	EndGlobalSection
	GlobalSection(NestedProjects) = preSolution
		{2934434B-2A19-47AC-AD61-100DB8047D34} = {7A5B0E7E-18A5-462C-9B98-57A17F6DD76F}
	EndGlobalSection
	GlobalSection(ExtensibilityGlobals) = postSolution
		SolutionGuid = {0602BA04-EC92-4F98-9C2E-55D5F55B75D3}
	EndGlobalSection
EndGlobal
